
Microsoft Visual Studio Solution File, Format Version 12.00
# Visual Studio Version 16
VisualStudioVersion = 16.0.30011.22
MinimumVisualStudioVersion = 10.0.40219.1
Project("{FAE04EC0-301F-11D3-BF4B-00C04F79EFBC}") = "Clasa stiva", "Clasa stiva\Clasa stiva.csproj", "{1859C0DF-B38A-4C86-83C4-5BB5129A4CFC}"
EndProject
Global
	GlobalSection(SolutionConfigurationPlatforms) = preSolution
		Debug|Any CPU = Debug|Any CPU
		Release|Any CPU = Release|Any CPU
	EndGlobalSection
	GlobalSection(ProjectConfigurationPlatforms) = postSolution
		{1859C0DF-B38A-4C86-83C4-5BB5129A4CFC}.Debug|Any CPU.ActiveCfg = Debug|Any CPU
		{1859C0DF-B38A-4C86-83C4-5BB5129A4CFC}.Debug|Any CPU.Build.0 = Debug|Any CPU
		{1859C0DF-B38A-4C86-83C4-5BB5129A4CFC}.Release|Any CPU.ActiveCfg = Release|Any CPU
		{1859C0DF-B38A-4C86-83C4-5BB5129A4CFC}.Release|Any CPU.Build.0 = Release|Any CPU
	EndGlobalSection
	GlobalSection(SolutionProperties) = preSolution
		HideSolutionNode = FALSE
	EndGlobalSection
	GlobalSection(ExtensibilityGlobals) = postSolution
		SolutionGuid = {0645B2AF-E0E7-41FC-B4C6-F00D173A7454}
	EndGlobalSection
EndGlobal
